# This file is automatically @generated by Cargo.
# It is not intended for manual editing.
version = 3

[[package]]
name = "evmguard-analyzer"
version = "0.1.0"
dependencies = [
 "evmguard-core",
]

[[package]]
name = "evmguard-cli"
version = "0.1.0"
dependencies = [
 "evmguard-analyzer",
 "evmguard-core",
 "evmguard-report",
]

[[package]]
name = "evmguard-core"
version = "0.1.0"

[[package]]
name = "evmguard-report"
version = "0.1.0"
dependencies = [
 "evmguard-core",
]
